
Microsoft Visual Studio Solution File, Format Version 12.00
# Visual Studio Version 16
VisualStudioVersion = 16.0.30413.136
MinimumVisualStudioVersion = 10.0.40219.1
Project("{FAE04EC0-301F-11D3-BF4B-00C04F79EFBC}") = "DateTimeExtension", "DateTimeExtension\DateTimeExtension.csproj", "{88026D70-3C1F-461D-BBA8-A0C294AA41FF}"
EndProject
Project("{FAE04EC0-301F-11D3-BF4B-00C04F79EFBC}") = "DateTimeExtension_Test", "DateTimeExtension_Test\DateTimeExtension_Test.csproj", "{836B0C0E-2E08-4D76-923D-2856C79BE526}"
EndProject
Project("{FAE04EC0-301F-11D3-BF4B-00C04F79EFBC}") = "TestNuget", "TestNuget\TestNuget.csproj", "{2140308D-954C-4D97-B077-2B93E83F11FD}"
EndProject
Global
	GlobalSection(SolutionConfigurationPlatforms) = preSolution
		Debug|Any CPU = Debug|Any CPU
		Release|Any CPU = Release|Any CPU
	EndGlobalSection
	GlobalSection(ProjectConfigurationPlatforms) = postSolution
		{88026D70-3C1F-461D-BBA8-A0C294AA41FF}.Debug|Any CPU.ActiveCfg = Debug|Any CPU
		{88026D70-3C1F-461D-BBA8-A0C294AA41FF}.Debug|Any CPU.Build.0 = Debug|Any CPU
		{88026D70-3C1F-461D-BBA8-A0C294AA41FF}.Release|Any CPU.ActiveCfg = Release|Any CPU
		{88026D70-3C1F-461D-BBA8-A0C294AA41FF}.Release|Any CPU.Build.0 = Release|Any CPU
		{836B0C0E-2E08-4D76-923D-2856C79BE526}.Debug|Any CPU.ActiveCfg = Debug|Any CPU
		{836B0C0E-2E08-4D76-923D-2856C79BE526}.Debug|Any CPU.Build.0 = Debug|Any CPU
		{836B0C0E-2E08-4D76-923D-2856C79BE526}.Release|Any CPU.ActiveCfg = Release|Any CPU
		{836B0C0E-2E08-4D76-923D-2856C79BE526}.Release|Any CPU.Build.0 = Release|Any CPU
		{2140308D-954C-4D97-B077-2B93E83F11FD}.Debug|Any CPU.ActiveCfg = Debug|Any CPU
		{2140308D-954C-4D97-B077-2B93E83F11FD}.Debug|Any CPU.Build.0 = Debug|Any CPU
		{2140308D-954C-4D97-B077-2B93E83F11FD}.Release|Any CPU.ActiveCfg = Release|Any CPU
		{2140308D-954C-4D97-B077-2B93E83F11FD}.Release|Any CPU.Build.0 = Release|Any CPU
	EndGlobalSection
	GlobalSection(SolutionProperties) = preSolution
		HideSolutionNode = FALSE
	EndGlobalSection
	GlobalSection(ExtensibilityGlobals) = postSolution
		SolutionGuid = {E14025CA-983D-4B39-B52D-E82C152B967C}
	EndGlobalSection
EndGlobal
